
Microsoft Visual Studio Solution File, Format Version 12.00
# Visual Studio Version 17
VisualStudioVersion = 17.8.34309.116
MinimumVisualStudioVersion = 10.0.40219.1
Project("{FAE04EC0-301F-11D3-BF4B-00C04F79EFBC}") = "Udemy.TodoAppNTier.DataAccess", "Udemy.TodoAppNTier.DataAccess\Udemy.TodoAppNTier.DataAccess.csproj", "{F9BE4B80-1338-4C1F-A879-84615F788EFA}"
EndProject
Project("{FAE04EC0-301F-11D3-BF4B-00C04F79EFBC}") = "Udemy.TodoAppNTier.Business", "Udemy.TodoAppNTier.Business\Udemy.TodoAppNTier.Business.csproj", "{509B2320-09CD-4444-B920-187DB0C012C4}"
EndProject
Project("{FAE04EC0-301F-11D3-BF4B-00C04F79EFBC}") = "Udemy.TodoAppNTier.Entities", "Udemy.TodoAppNTier.Entities\Udemy.TodoAppNTier.Entities.csproj", "{7FC86B06-2CAA-443B-9533-8CB5FB48A5CA}"
EndProject
Project("{FAE04EC0-301F-11D3-BF4B-00C04F79EFBC}") = "Udemy.TodoAppNTier.Dtos", "Udemy.TodoAppNTier.Dtos\Udemy.TodoAppNTier.Dtos.csproj", "{B66CA27E-415D-46F0-A56F-4A779C001D6F}"
EndProject
Project("{FAE04EC0-301F-11D3-BF4B-00C04F79EFBC}") = "Udemy.ToDoAppNTier.UI", "Udemy.ToDoAppNTier.UI\Udemy.ToDoAppNTier.UI.csproj", "{91090F09-949C-4983-827B-D94D2F4F5233}"
EndProject
Global
	GlobalSection(SolutionConfigurationPlatforms) = preSolution
		Debug|Any CPU = Debug|Any CPU
		Release|Any CPU = Release|Any CPU
	EndGlobalSection
	GlobalSection(ProjectConfigurationPlatforms) = postSolution
		{F9BE4B80-1338-4C1F-A879-84615F788EFA}.Debug|Any CPU.ActiveCfg = Debug|Any CPU
		{F9BE4B80-1338-4C1F-A879-84615F788EFA}.Debug|Any CPU.Build.0 = Debug|Any CPU
		{F9BE4B80-1338-4C1F-A879-84615F788EFA}.Release|Any CPU.ActiveCfg = Release|Any CPU
		{F9BE4B80-1338-4C1F-A879-84615F788EFA}.Release|Any CPU.Build.0 = Release|Any CPU
		{509B2320-09CD-4444-B920-187DB0C012C4}.Debug|Any CPU.ActiveCfg = Debug|Any CPU
		{509B2320-09CD-4444-B920-187DB0C012C4}.Debug|Any CPU.Build.0 = Debug|Any CPU
		{509B2320-09CD-4444-B920-187DB0C012C4}.Release|Any CPU.ActiveCfg = Release|Any CPU
		{509B2320-09CD-4444-B920-187DB0C012C4}.Release|Any CPU.Build.0 = Release|Any CPU
		{7FC86B06-2CAA-443B-9533-8CB5FB48A5CA}.Debug|Any CPU.ActiveCfg = Debug|Any CPU
		{7FC86B06-2CAA-443B-9533-8CB5FB48A5CA}.Debug|Any CPU.Build.0 = Debug|Any CPU
		{7FC86B06-2CAA-443B-9533-8CB5FB48A5CA}.Release|Any CPU.ActiveCfg = Release|Any CPU
		{7FC86B06-2CAA-443B-9533-8CB5FB48A5CA}.Release|Any CPU.Build.0 = Release|Any CPU
		{B66CA27E-415D-46F0-A56F-4A779C001D6F}.Debug|Any CPU.ActiveCfg = Debug|Any CPU
		{B66CA27E-415D-46F0-A56F-4A779C001D6F}.Debug|Any CPU.Build.0 = Debug|Any CPU
		{B66CA27E-415D-46F0-A56F-4A779C001D6F}.Release|Any CPU.ActiveCfg = Release|Any CPU
		{B66CA27E-415D-46F0-A56F-4A779C001D6F}.Release|Any CPU.Build.0 = Release|Any CPU
		{91090F09-949C-4983-827B-D94D2F4F5233}.Debug|Any CPU.ActiveCfg = Debug|Any CPU
		{91090F09-949C-4983-827B-D94D2F4F5233}.Debug|Any CPU.Build.0 = Debug|Any CPU
		{91090F09-949C-4983-827B-D94D2F4F5233}.Release|Any CPU.ActiveCfg = Release|Any CPU
		{91090F09-949C-4983-827B-D94D2F4F5233}.Release|Any CPU.Build.0 = Release|Any CPU
	EndGlobalSection
	GlobalSection(SolutionProperties) = preSolution
		HideSolutionNode = FALSE
	EndGlobalSection
	GlobalSection(ExtensibilityGlobals) = postSolution
		SolutionGuid = {A83CB6C5-16C4-4447-91FD-78E86721019E}
	EndGlobalSection
EndGlobal
