
Microsoft Visual Studio Solution File, Format Version 12.00
# Visual Studio Version 17
VisualStudioVersion = 17.8.34309.116
MinimumVisualStudioVersion = 10.0.40219.1
Project("{FAE04EC0-301F-11D3-BF4B-00C04F79EFBC}") = "WebApplication1", "WebApplication1\WebApplication1.csproj", "{DE393BB9-3730-46BC-B3C2-4017ECA978BF}"
EndProject
Global
	GlobalSection(SolutionConfigurationPlatforms) = preSolution
		Debug|Any CPU = Debug|Any CPU
		Release|Any CPU = Release|Any CPU
	EndGlobalSection
	GlobalSection(ProjectConfigurationPlatforms) = postSolution
		{DE393BB9-3730-46BC-B3C2-4017ECA978BF}.Debug|Any CPU.ActiveCfg = Debug|Any CPU
		{DE393BB9-3730-46BC-B3C2-4017ECA978BF}.Debug|Any CPU.Build.0 = Debug|Any CPU
		{DE393BB9-3730-46BC-B3C2-4017ECA978BF}.Release|Any CPU.ActiveCfg = Release|Any CPU
		{DE393BB9-3730-46BC-B3C2-4017ECA978BF}.Release|Any CPU.Build.0 = Release|Any CPU
	EndGlobalSection
	GlobalSection(SolutionProperties) = preSolution
		HideSolutionNode = FALSE
	EndGlobalSection
	GlobalSection(ExtensibilityGlobals) = postSolution
		SolutionGuid = {FA6570E6-3150-481B-B603-DC25F619A067}
	EndGlobalSection
EndGlobal
